
Microsoft Visual Studio Solution File, Format Version 12.00
# Visual Studio 15
VisualStudioVersion = 15.0.27130.2036
MinimumVisualStudioVersion = 10.0.40219.1
Project("{FAE04EC0-301F-11D3-BF4B-00C04F79EFBC}") = "SportFacilityBookingSystem", "SportFacilityBookingSystem\SportFacilityBookingSystem.csproj", "{B331F7A6-D2F2-4AAB-8B71-D453BE90962D}"
EndProject
Global
	GlobalSection(SolutionConfigurationPlatforms) = preSolution
		Debug|Any CPU = Debug|Any CPU
		Release|Any CPU = Release|Any CPU
	EndGlobalSection
	GlobalSection(ProjectConfigurationPlatforms) = postSolution
		{B331F7A6-D2F2-4AAB-8B71-D453BE90962D}.Debug|Any CPU.ActiveCfg = Debug|Any CPU
		{B331F7A6-D2F2-4AAB-8B71-D453BE90962D}.Debug|Any CPU.Build.0 = Debug|Any CPU
		{B331F7A6-D2F2-4AAB-8B71-D453BE90962D}.Release|Any CPU.ActiveCfg = Release|Any CPU
		{B331F7A6-D2F2-4AAB-8B71-D453BE90962D}.Release|Any CPU.Build.0 = Release|Any CPU
	EndGlobalSection
	GlobalSection(SolutionProperties) = preSolution
		HideSolutionNode = FALSE
	EndGlobalSection
	GlobalSection(ExtensibilityGlobals) = postSolution
		SolutionGuid = {BFF4CFAF-221C-45FC-BEFF-55C566DEAF06}
	EndGlobalSection
EndGlobal
